<?xml version="1.0" encoding="utf-8"?>
<Project ToolsVersion="4.0" xmlns="http://schemas.microsoft.com/developer/msbuild/2003">
  <ItemGroup>
    <ClCompile Include="algorithm.cpp" />
    <ClCompile Include="bindings.cpp" />
    <ClCompile Include="check_weather_data.cpp" />
    <ClCompile Include="convert_weather_grid.cpp" />
    <ClCompile Include="src\fetch_data\fetch_dll.cpp" />
    <ClCompile Include="src\fetch_data\parse_weather_data.cpp" />
    <ClCompile Include="src\fetch_data\read_weather_data.cpp" />
    <ClCompile Include="src\fetch_data\common_types.cpp" />
    <ClCompile Include="src\fetch_data\fetch_data.cpp" />
    <ClCompile Include="src\fetch_data\gebco_loader.cpp" />
    <ClCompile Include="src\fetch_data\gshhs_loader.cpp" />
    <ClCompile Include="src\ship_router.cpp" />
    <ClCompile Include="src\calculators\fuel_consumption_calculator.cpp" />
    <ClCompile Include="src\great_circle_route\great_circle_route.cpp" />
    <ClCompile Include="src\routing\route_shortest.cpp" />
    <ClCompile Include="src\cost_models\distance_cost_model.cpp" />
    <ClCompile Include="src\cost_models\legacy_fuel_cost_model.cpp" />
    <ClCompile Include="src\heuristics\distance_heuristic.cpp" />
    <ClCompile Include="src\heuristics\fuel_heuristic.cpp" />
    <ClCompile Include="src\common_path_utils\JSON_maker.cpp" />
    <ClCompile Include="src\routing\angle_limit.cpp" />
    <ClCompile Include="src\routing\a_star_algorithm_optimized.cpp" />
    <ClCompile Include="src\routing\a_star_algorithm_shortest.cpp" />
    <ClCompile Include="src\routing\node_definitions.cpp" />
    <ClCompile Include="src\grid\navigable_grid.cpp" />
    <ClCompile Include="src\routing\route_optimized.cpp" />
    <ClCompile Include="src\grid\waypoint_snapper.cpp" />
  </ItemGroup>
  <ItemGroup>
    <ClInclude Include="include\common_path_utils.h" />
    <ClInclude Include="include\common_types.h" />
    <ClInclude Include="include\fetch_data.h" />
    <ClInclude Include="include\fuel_consumption_calculator.h" />
    <ClInclude Include="include\gebco_loader.h" />
    <ClInclude Include="include\geo_utils.h" />
    <ClInclude Include="include\great_circle_route.h" />
    <ClInclude Include="include\gshhs_loader.h" />
    <ClInclude Include="include\less_fuel.h" />
    <ClInclude Include="include\parse_weather_data.h" />
    <ClInclude Include="include\read_weather_data.h" />
    <ClInclude Include="include\ShipDynamicsAPI.h" />
    <ClInclude Include="include\ship_router.h" />
    <ClInclude Include="include\short_path.h" />
    <ClInclude Include="include\time_calculator.h" />
    <ClInclude Include="include\waypoint_snapper.h" />
    <ClInclude Include="include\weather_types.h" />
    <ClInclude Include="include\navigable_grid.h" />
    <ClInclude Include="src\cost_models\distance_cost_model.h" />
    <ClInclude Include="src\cost_models\legacy_fuel_cost_model.h" />
    <ClInclude Include="src\cost_models\path_cost_model.h" />
    <ClInclude Include="src\heuristics\distance_heuristic.h" />
    <ClInclude Include="src\heuristics\fuel_heuristic.h" />
    <ClInclude Include="src\heuristics\path_heuristic.h" />
    <ClInclude Include="include\geo_index_mapper.h" />
    <ClInclude Include="src\common_path_utils\JSON_maker.h" />
  </ItemGroup>
  <ItemGroup>
    <None Include="config\dev_env.props" />
    <None Include="data\GEBCO_2024_sub_ice_topo.nc" />
    <None Include="data\GSHHS_i_L1.shp" />
    <None Include="data\GSHHS_i_L1.shx" />
    <None Include="x64\Debug\ShipDynamics.dll" />
  </ItemGroup>
</Project>